PODS:
  - Alamofire (4.7.3)
  - Nimble (8.0.5)
  - Quick (1.3.2)

DEPENDENCIES:
  - Alamofire (~> 4.7)
  - Nimble
  - Quick

SPEC REPOS:
  https://github.com/CocoaPods/Specs.git:
    - Alamofire
    - Quick
  trunk:
    - Nimble

SPEC CHECKSUMS:
  Alamofire: c7287b6e5d7da964a70935e5db17046b7fde6568
  Nimble: 4ab1aeb9b45553c75b9687196b0fa0713170a332
  Quick: 2623cb30d7a7f41ca62f684f679586558f483d46

PODFILE CHECKSUM: f1a860f97850e8d4334e54a334aeb59a99f9b12f

COCOAPODS: 1.8.4
